
Microsoft Visual Studio Solution File, Format Version 12.00
# Visual Studio Version 16
VisualStudioVersion = 16.0.31624.102
MinimumVisualStudioVersion = 10.0.40219.1
Project("{FAE04EC0-301F-11D3-BF4B-00C04F79EFBC}") = "PTPMQL", "PTPMQL\PTPMQL.csproj", "{34B73C9B-2EAF-470E-911A-D8F088B724EC}"
EndProject
Global
	GlobalSection(SolutionConfigurationPlatforms) = preSolution
		Debug|Any CPU = Debug|Any CPU
		Release|Any CPU = Release|Any CPU
	EndGlobalSection
	GlobalSection(ProjectConfigurationPlatforms) = postSolution
		{34B73C9B-2EAF-470E-911A-D8F088B724EC}.Debug|Any CPU.ActiveCfg = Debug|Any CPU
		{34B73C9B-2EAF-470E-911A-D8F088B724EC}.Debug|Any CPU.Build.0 = Debug|Any CPU
		{34B73C9B-2EAF-470E-911A-D8F088B724EC}.Release|Any CPU.ActiveCfg = Release|Any CPU
		{34B73C9B-2EAF-470E-911A-D8F088B724EC}.Release|Any CPU.Build.0 = Release|Any CPU
	EndGlobalSection
	GlobalSection(SolutionProperties) = preSolution
		HideSolutionNode = FALSE
	EndGlobalSection
	GlobalSection(ExtensibilityGlobals) = postSolution
		SolutionGuid = {A96D408E-6935-4BFD-88C6-9CAEA45C2C4E}
	EndGlobalSection
EndGlobal
